
Microsoft Visual Studio Solution File, Format Version 12.00
# Visual Studio 14
VisualStudioVersion = 14.0.25420.1
MinimumVisualStudioVersion = 10.0.40219.1
Project("{A0786B88-2ADB-4C21-ABE8-AA2D79766269}") = "PHPSmsToolkit", "PHPWebProject\PHPSmsToolkit.phpproj", "{5A410A6C-92F6-4580-94CF-2D8089D253CF}"
EndProject
Global
	GlobalSection(SolutionConfigurationPlatforms) = preSolution
		Debug|Any CPU = Debug|Any CPU
		Release|Any CPU = Release|Any CPU
	EndGlobalSection
	GlobalSection(ProjectConfigurationPlatforms) = postSolution
		{5A410A6C-92F6-4580-94CF-2D8089D253CF}.Debug|Any CPU.ActiveCfg = Debug|Any CPU
		{5A410A6C-92F6-4580-94CF-2D8089D253CF}.Release|Any CPU.ActiveCfg = Release|Any CPU
	EndGlobalSection
	GlobalSection(SolutionProperties) = preSolution
		HideSolutionNode = FALSE
	EndGlobalSection
	GlobalSection(TeamFoundationVersionControl) = preSolution
		SccNumberOfProjects = 2
		SccEnterpriseProvider = {4CA58AB2-18FA-4F8D-95D4-32DDF27D184C}
		SccTeamFoundationServer = http://10.1.8.109:8080/tfs/msciencecollection
		SccLocalPath0 = .
		SccProjectUniqueName1 = PHPWebProject\\PHPSmsToolkit.phpproj
		SccProjectName1 = PHPWebProject
		SccLocalPath1 = PHPWebProject
	EndGlobalSection
EndGlobal
